
Microsoft Visual Studio Solution File, Format Version 12.00
# Visual Studio 15
VisualStudioVersion = 15.0.27130.2010
MinimumVisualStudioVersion = 10.0.40219.1
Project("{FAE04EC0-301F-11D3-BF4B-00C04F79EFBC}") = "EDA1Q1", "EDA1Q1\EDA1Q1.csproj", "{4665B8CC-2A18-4406-A551-0E02BDC2535C}"
EndProject
Global
	GlobalSection(SolutionConfigurationPlatforms) = preSolution
		Debug|Any CPU = Debug|Any CPU
		Release|Any CPU = Release|Any CPU
	EndGlobalSection
	GlobalSection(ProjectConfigurationPlatforms) = postSolution
		{4665B8CC-2A18-4406-A551-0E02BDC2535C}.Debug|Any CPU.ActiveCfg = Debug|Any CPU
		{4665B8CC-2A18-4406-A551-0E02BDC2535C}.Debug|Any CPU.Build.0 = Debug|Any CPU
		{4665B8CC-2A18-4406-A551-0E02BDC2535C}.Release|Any CPU.ActiveCfg = Release|Any CPU
		{4665B8CC-2A18-4406-A551-0E02BDC2535C}.Release|Any CPU.Build.0 = Release|Any CPU
	EndGlobalSection
	GlobalSection(SolutionProperties) = preSolution
		HideSolutionNode = FALSE
	EndGlobalSection
	GlobalSection(ExtensibilityGlobals) = postSolution
		SolutionGuid = {46A2F6A5-3E30-4D35-8A35-CE8E44326D46}
	EndGlobalSection
EndGlobal
